
Microsoft Visual Studio Solution File, Format Version 12.00
# Visual Studio 14
VisualStudioVersion = 14.0.25420.1
MinimumVisualStudioVersion = 10.0.40219.1
Project("{8BC9CEB8-8B4A-11D0-8D11-00A0C91BC942}") = "MyOS_1", "MyOS_1\MyOS_1.vcxproj", "{31C0B908-9659-4141-AFE2-C6B742FCA313}"
EndProject
Project("{8BC9CEB8-8B4A-11D0-8D11-00A0C91BC942}") = "TestApp1", "TestApp1\TestApp1.vcxproj", "{5D4E87A7-5402-4E84-B89D-6A7B42936E4D}"
EndProject
Project("{8BC9CEB8-8B4A-11D0-8D11-00A0C91BC942}") = "SDL_TestApp1", "SDL_TestApp1\SDL_TestApp1.vcxproj", "{E20F026A-1CE2-4B40-BEA7-39E9644F3A0C}"
EndProject
Project("{8BC9CEB8-8B4A-11D0-8D11-00A0C91BC942}") = "SDL_TestApp1_For_Windows", "SDL_TestApp1_For_Windows\SDL_TestApp1_For_Windows.vcxproj", "{E287BF76-1C8A-41CE-8698-A412691721BC}"
EndProject
Project("{8BC9CEB8-8B4A-11D0-8D11-00A0C91BC942}") = "My_Doom", "My-Doom\My_Doom.vcxproj", "{07EC26D7-871D-4847-AAC0-7A80B40B99CE}"
EndProject
Project("{8BC9CEB8-8B4A-11D0-8D11-00A0C91BC942}") = "MyOS_GUI_Shell", "MyOS_GUI_Shell\MyOS_GUI_Shell.vcxproj", "{DD34D14A-8D2B-41FA-9EA5-02A5355F9BC4}"
EndProject
Project("{8BC9CEB8-8B4A-11D0-8D11-00A0C91BC942}") = "MyOS_GUI_Shell_For_Windows", "MyOS_GUI_For_Windows\MyOS_GUI_For_Windows.vcxproj", "{19CF43DA-2745-451D-B811-0A40EF43BE2F}"
EndProject
Project("{8BC9CEB8-8B4A-11D0-8D11-00A0C91BC942}") = "TestApp2", "TestApp2\TestApp2.vcxproj", "{04870E40-8ABF-4BD7-AED0-3885C7F535D7}"
EndProject
Project("{8BC9CEB8-8B4A-11D0-8D11-00A0C91BC942}") = "TestApp2ForWindows", "TestApp2ForWindows\TestApp2ForWindows.vcxproj", "{6BA12269-A558-4634-B51D-B61FD8143410}"
EndProject
Global
	GlobalSection(SolutionConfigurationPlatforms) = preSolution
		Debug|x64 = Debug|x64
		Debug|x86 = Debug|x86
		Release|x64 = Release|x64
		Release|x86 = Release|x86
	EndGlobalSection
	GlobalSection(ProjectConfigurationPlatforms) = postSolution
		{31C0B908-9659-4141-AFE2-C6B742FCA313}.Debug|x64.ActiveCfg = Debug|x64
		{31C0B908-9659-4141-AFE2-C6B742FCA313}.Debug|x64.Build.0 = Debug|x64
		{31C0B908-9659-4141-AFE2-C6B742FCA313}.Debug|x86.ActiveCfg = Debug|Win32
		{31C0B908-9659-4141-AFE2-C6B742FCA313}.Debug|x86.Build.0 = Debug|Win32
		{31C0B908-9659-4141-AFE2-C6B742FCA313}.Release|x64.ActiveCfg = Release|x64
		{31C0B908-9659-4141-AFE2-C6B742FCA313}.Release|x64.Build.0 = Release|x64
		{31C0B908-9659-4141-AFE2-C6B742FCA313}.Release|x86.ActiveCfg = Release|Win32
		{31C0B908-9659-4141-AFE2-C6B742FCA313}.Release|x86.Build.0 = Release|Win32
		{5D4E87A7-5402-4E84-B89D-6A7B42936E4D}.Debug|x64.ActiveCfg = Debug|x64
		{5D4E87A7-5402-4E84-B89D-6A7B42936E4D}.Debug|x64.Build.0 = Debug|x64
		{5D4E87A7-5402-4E84-B89D-6A7B42936E4D}.Debug|x86.ActiveCfg = Debug|Win32
		{5D4E87A7-5402-4E84-B89D-6A7B42936E4D}.Debug|x86.Build.0 = Debug|Win32
		{5D4E87A7-5402-4E84-B89D-6A7B42936E4D}.Release|x64.ActiveCfg = Release|x64
		{5D4E87A7-5402-4E84-B89D-6A7B42936E4D}.Release|x64.Build.0 = Release|x64
		{5D4E87A7-5402-4E84-B89D-6A7B42936E4D}.Release|x86.ActiveCfg = Release|Win32
		{5D4E87A7-5402-4E84-B89D-6A7B42936E4D}.Release|x86.Build.0 = Release|Win32
		{E20F026A-1CE2-4B40-BEA7-39E9644F3A0C}.Debug|x64.ActiveCfg = Debug|x64
		{E20F026A-1CE2-4B40-BEA7-39E9644F3A0C}.Debug|x64.Build.0 = Debug|x64
		{E20F026A-1CE2-4B40-BEA7-39E9644F3A0C}.Debug|x86.ActiveCfg = Debug|Win32
		{E20F026A-1CE2-4B40-BEA7-39E9644F3A0C}.Debug|x86.Build.0 = Debug|Win32
		{E20F026A-1CE2-4B40-BEA7-39E9644F3A0C}.Release|x64.ActiveCfg = Release|x64
		{E20F026A-1CE2-4B40-BEA7-39E9644F3A0C}.Release|x64.Build.0 = Release|x64
		{E20F026A-1CE2-4B40-BEA7-39E9644F3A0C}.Release|x86.ActiveCfg = Release|Win32
		{E20F026A-1CE2-4B40-BEA7-39E9644F3A0C}.Release|x86.Build.0 = Release|Win32
		{E287BF76-1C8A-41CE-8698-A412691721BC}.Debug|x64.ActiveCfg = Debug|x64
		{E287BF76-1C8A-41CE-8698-A412691721BC}.Debug|x64.Build.0 = Debug|x64
		{E287BF76-1C8A-41CE-8698-A412691721BC}.Debug|x86.ActiveCfg = Debug|Win32
		{E287BF76-1C8A-41CE-8698-A412691721BC}.Debug|x86.Build.0 = Debug|Win32
		{E287BF76-1C8A-41CE-8698-A412691721BC}.Release|x64.ActiveCfg = Release|x64
		{E287BF76-1C8A-41CE-8698-A412691721BC}.Release|x64.Build.0 = Release|x64
		{E287BF76-1C8A-41CE-8698-A412691721BC}.Release|x86.ActiveCfg = Release|Win32
		{E287BF76-1C8A-41CE-8698-A412691721BC}.Release|x86.Build.0 = Release|Win32
		{07EC26D7-871D-4847-AAC0-7A80B40B99CE}.Debug|x64.ActiveCfg = Debug|x64
		{07EC26D7-871D-4847-AAC0-7A80B40B99CE}.Debug|x64.Build.0 = Debug|x64
		{07EC26D7-871D-4847-AAC0-7A80B40B99CE}.Debug|x86.ActiveCfg = Debug|Win32
		{07EC26D7-871D-4847-AAC0-7A80B40B99CE}.Debug|x86.Build.0 = Debug|Win32
		{07EC26D7-871D-4847-AAC0-7A80B40B99CE}.Release|x64.ActiveCfg = Release|x64
		{07EC26D7-871D-4847-AAC0-7A80B40B99CE}.Release|x64.Build.0 = Release|x64
		{07EC26D7-871D-4847-AAC0-7A80B40B99CE}.Release|x86.ActiveCfg = Release|Win32
		{07EC26D7-871D-4847-AAC0-7A80B40B99CE}.Release|x86.Build.0 = Release|Win32
		{DD34D14A-8D2B-41FA-9EA5-02A5355F9BC4}.Debug|x64.ActiveCfg = Debug|x64
		{DD34D14A-8D2B-41FA-9EA5-02A5355F9BC4}.Debug|x64.Build.0 = Debug|x64
		{DD34D14A-8D2B-41FA-9EA5-02A5355F9BC4}.Debug|x86.ActiveCfg = Debug|Win32
		{DD34D14A-8D2B-41FA-9EA5-02A5355F9BC4}.Debug|x86.Build.0 = Debug|Win32
		{DD34D14A-8D2B-41FA-9EA5-02A5355F9BC4}.Release|x64.ActiveCfg = Release|x64
		{DD34D14A-8D2B-41FA-9EA5-02A5355F9BC4}.Release|x64.Build.0 = Release|x64
		{DD34D14A-8D2B-41FA-9EA5-02A5355F9BC4}.Release|x86.ActiveCfg = Release|Win32
		{DD34D14A-8D2B-41FA-9EA5-02A5355F9BC4}.Release|x86.Build.0 = Release|Win32
		{19CF43DA-2745-451D-B811-0A40EF43BE2F}.Debug|x64.ActiveCfg = Debug|x64
		{19CF43DA-2745-451D-B811-0A40EF43BE2F}.Debug|x64.Build.0 = Debug|x64
		{19CF43DA-2745-451D-B811-0A40EF43BE2F}.Debug|x86.ActiveCfg = Debug|Win32
		{19CF43DA-2745-451D-B811-0A40EF43BE2F}.Debug|x86.Build.0 = Debug|Win32
		{19CF43DA-2745-451D-B811-0A40EF43BE2F}.Release|x64.ActiveCfg = Release|x64
		{19CF43DA-2745-451D-B811-0A40EF43BE2F}.Release|x64.Build.0 = Release|x64
		{19CF43DA-2745-451D-B811-0A40EF43BE2F}.Release|x86.ActiveCfg = Release|Win32
		{19CF43DA-2745-451D-B811-0A40EF43BE2F}.Release|x86.Build.0 = Release|Win32
		{04870E40-8ABF-4BD7-AED0-3885C7F535D7}.Debug|x64.ActiveCfg = Debug|x64
		{04870E40-8ABF-4BD7-AED0-3885C7F535D7}.Debug|x64.Build.0 = Debug|x64
		{04870E40-8ABF-4BD7-AED0-3885C7F535D7}.Debug|x86.ActiveCfg = Debug|Win32
		{04870E40-8ABF-4BD7-AED0-3885C7F535D7}.Debug|x86.Build.0 = Debug|Win32
		{04870E40-8ABF-4BD7-AED0-3885C7F535D7}.Release|x64.ActiveCfg = Release|x64
		{04870E40-8ABF-4BD7-AED0-3885C7F535D7}.Release|x64.Build.0 = Release|x64
		{04870E40-8ABF-4BD7-AED0-3885C7F535D7}.Release|x86.ActiveCfg = Release|Win32
		{04870E40-8ABF-4BD7-AED0-3885C7F535D7}.Release|x86.Build.0 = Release|Win32
		{6BA12269-A558-4634-B51D-B61FD8143410}.Debug|x64.ActiveCfg = Debug|x64
		{6BA12269-A558-4634-B51D-B61FD8143410}.Debug|x64.Build.0 = Debug|x64
		{6BA12269-A558-4634-B51D-B61FD8143410}.Debug|x86.ActiveCfg = Debug|Win32
		{6BA12269-A558-4634-B51D-B61FD8143410}.Debug|x86.Build.0 = Debug|Win32
		{6BA12269-A558-4634-B51D-B61FD8143410}.Release|x64.ActiveCfg = Release|x64
		{6BA12269-A558-4634-B51D-B61FD8143410}.Release|x64.Build.0 = Release|x64
		{6BA12269-A558-4634-B51D-B61FD8143410}.Release|x86.ActiveCfg = Release|Win32
		{6BA12269-A558-4634-B51D-B61FD8143410}.Release|x86.Build.0 = Release|Win32
	EndGlobalSection
	GlobalSection(SolutionProperties) = preSolution
		HideSolutionNode = FALSE
	EndGlobalSection
EndGlobal
