<?xml version="1.0" encoding="utf-8"?>
<Project ToolsVersion="4.0" xmlns="http://schemas.microsoft.com/developer/msbuild/2003">
  <ItemGroup>
    <Filter Include="Source Files">
      <UniqueIdentifier>{4FC737F1-C7A5-4376-A066-2A32D752A2FF}</UniqueIdentifier>
      <Extensions>cpp;c;cc;cxx;def;odl;idl;hpj;bat;asm;asmx</Extensions>
    </Filter>
    <Filter Include="Header Files">
      <UniqueIdentifier>{93995380-89BD-4b04-88EB-625FBE52EBFB}</UniqueIdentifier>
      <Extensions>h;hh;hpp;hxx;hm;inl;inc;xsd</Extensions>
    </Filter>
    <Filter Include="Resource Files">
      <UniqueIdentifier>{67DA6AB6-F800-4c08-8B7A-83BB121AAD01}</UniqueIdentifier>
      <Extensions>rc;ico;cur;bmp;dlg;rc2;rct;bin;rgs;gif;jpg;jpeg;jpe;resx;tiff;tif;png;wav;mfcribbon-ms</Extensions>
    </Filter>
    <Filter Include="Header Files\Drivers">
      <UniqueIdentifier>{aef4f92d-0490-4784-83a7-ce5d7afeb873}</UniqueIdentifier>
    </Filter>
    <Filter Include="Source Files\Drivers">
      <UniqueIdentifier>{5573e8aa-08f2-44cb-8965-1d1eb89e426e}</UniqueIdentifier>
    </Filter>
    <Filter Include="Source Files\Networking">
      <UniqueIdentifier>{f0a1bcd7-cae0-4888-9de8-38de4ce790c4}</UniqueIdentifier>
    </Filter>
    <Filter Include="Header Files\Networking">
      <UniqueIdentifier>{8bb80534-5191-444d-be67-fbeabc68ad9f}</UniqueIdentifier>
    </Filter>
    <Filter Include="Source Files\Interrupts">
      <UniqueIdentifier>{dba843c7-85e1-4527-a7d4-716f9606cd4f}</UniqueIdentifier>
    </Filter>
    <Filter Include="Header Files\Interrupts">
      <UniqueIdentifier>{6f466e22-0d41-473a-95bd-519b7936cde2}</UniqueIdentifier>
    </Filter>
    <Filter Include="Source Files\Executables">
      <UniqueIdentifier>{a72760d5-c413-440c-939b-e4a0dd52606e}</UniqueIdentifier>
    </Filter>
    <Filter Include="Header Files\Executables">
      <UniqueIdentifier>{cad664ef-4e2b-4662-a617-8b2355debae0}</UniqueIdentifier>
    </Filter>
    <Filter Include="Source Files\Graphics">
      <UniqueIdentifier>{ef9dde06-91ce-487e-8bcd-adbe32f74ad7}</UniqueIdentifier>
    </Filter>
    <Filter Include="Header Files\Graphics">
      <UniqueIdentifier>{e85c9785-c647-4949-bbb3-936cca74e3a7}</UniqueIdentifier>
    </Filter>
    <Filter Include="Source Files\Timers">
      <UniqueIdentifier>{308c2d8d-3bb9-4a82-8dee-6453901d2fd1}</UniqueIdentifier>
    </Filter>
    <Filter Include="Header Files\Timers">
      <UniqueIdentifier>{6b849dcd-aafd-40a5-a277-79db47765b72}</UniqueIdentifier>
    </Filter>
    <Filter Include="Header Files\File Formats">
      <UniqueIdentifier>{f72e23fd-6333-44a9-953b-fdfa18361569}</UniqueIdentifier>
    </Filter>
    <Filter Include="Source Files\File Formats">
      <UniqueIdentifier>{2870707c-d522-47d5-87ee-3f1e9d4a5693}</UniqueIdentifier>
    </Filter>
    <Filter Include="Source Files\Libs">
      <UniqueIdentifier>{60dc38ca-6797-4fd4-b28a-ea7b37fb964b}</UniqueIdentifier>
    </Filter>
    <Filter Include="Source Files\Tasks">
      <UniqueIdentifier>{5f3642f8-f847-47cc-91f6-93d2ebb71ed0}</UniqueIdentifier>
    </Filter>
    <Filter Include="Header Files\Tasks">
      <UniqueIdentifier>{b27b41e5-298f-4e04-9dea-743123199d72}</UniqueIdentifier>
    </Filter>
    <Filter Include="Header Files\GUI">
      <UniqueIdentifier>{441e1d72-2ac6-46dd-b47e-a3a9f01acb81}</UniqueIdentifier>
    </Filter>
    <Filter Include="Source Files\GUI">
      <UniqueIdentifier>{ed1bb142-e86a-48ef-85ae-82740aea315c}</UniqueIdentifier>
    </Filter>
  </ItemGroup>
  <ItemGroup>
    <ClCompile Include="paging.c">
      <Filter>Source Files</Filter>
    </ClCompile>
    <ClCompile Include="Console_Serial.c">
      <Filter>Source Files</Filter>
    </ClCompile>
    <ClCompile Include="Console_VGA.c">
      <Filter>Source Files</Filter>
    </ClCompile>
    <ClCompile Include="main.c">
      <Filter>Source Files</Filter>
    </ClCompile>
    <ClCompile Include="misc.c">
      <Filter>Source Files</Filter>
    </ClCompile>
    <ClCompile Include="GDT.c">
      <Filter>Source Files</Filter>
    </ClCompile>
    <ClCompile Include="Console_Shell.c">
      <Filter>Source Files</Filter>
    </ClCompile>
    <ClCompile Include="Interrupts\IDT.c">
      <Filter>Source Files\Interrupts</Filter>
    </ClCompile>
    <ClCompile Include="Interrupts\Interrupts.c">
      <Filter>Source Files\Interrupts</Filter>
    </ClCompile>
    <ClCompile Include="Interrupts\PIC.c">
      <Filter>Source Files\Interrupts</Filter>
    </ClCompile>
    <ClCompile Include="Drivers\Keyboard.c">
      <Filter>Source Files\Drivers</Filter>
    </ClCompile>
    <ClCompile Include="Drivers\PCI_Bus.c">
      <Filter>Source Files\Drivers</Filter>
    </ClCompile>
    <ClCompile Include="Drivers\RTL_8139.c">
      <Filter>Source Files\Drivers</Filter>
    </ClCompile>
    <ClCompile Include="Networking\ARP.c">
      <Filter>Source Files\Networking</Filter>
    </ClCompile>
    <ClCompile Include="Networking\DHCP.c">
      <Filter>Source Files\Networking</Filter>
    </ClCompile>
    <ClCompile Include="Networking\Ethernet.c">
      <Filter>Source Files\Networking</Filter>
    </ClCompile>
    <ClCompile Include="Networking\IPv4.c">
      <Filter>Source Files\Networking</Filter>
    </ClCompile>
    <ClCompile Include="Networking\TFTP.c">
      <Filter>Source Files\Networking</Filter>
    </ClCompile>
    <ClCompile Include="Networking\UDP.c">
      <Filter>Source Files\Networking</Filter>
    </ClCompile>
    <ClCompile Include="Executables\PE32.c">
      <Filter>Source Files\Executables</Filter>
    </ClCompile>
    <ClCompile Include="Drivers\Bochs_VGA.c">
      <Filter>Source Files\Drivers</Filter>
    </ClCompile>
    <ClCompile Include="Graphics\font.c">
      <Filter>Source Files\Graphics</Filter>
    </ClCompile>
    <ClCompile Include="Graphics\Display_HAL.c">
      <Filter>Source Files\Graphics</Filter>
    </ClCompile>
    <ClCompile Include="Graphics\Graphical_Terminal.c">
      <Filter>Source Files\Graphics</Filter>
    </ClCompile>
    <ClCompile Include="Graphics\picofont.c">
      <Filter>Source Files\Graphics</Filter>
    </ClCompile>
    <ClCompile Include="Terminal.c">
      <Filter>Source Files</Filter>
    </ClCompile>
    <ClCompile Include="Graphics\Bitmap.c">
      <Filter>Source Files\Graphics</Filter>
    </ClCompile>
    <ClCompile Include="Interrupts\System_Calls.c">
      <Filter>Source Files\Interrupts</Filter>
    </ClCompile>
    <ClCompile Include="Timers\PIT.c">
      <Filter>Source Files\Timers</Filter>
    </ClCompile>
    <ClCompile Include="Timers\System_Clock.c">
      <Filter>Source Files\Timers</Filter>
    </ClCompile>
    <ClCompile Include="CRT.c">
      <Filter>Source Files</Filter>
    </ClCompile>
    <ClCompile Include="Drivers\Sound_Blaster_16.c">
      <Filter>Source Files\Drivers</Filter>
    </ClCompile>
    <ClCompile Include="File Formats\VOC.c">
      <Filter>Source Files\File Formats</Filter>
    </ClCompile>
    <ClCompile Include="Drivers\ISA_DMA.c">
      <Filter>Source Files\Drivers</Filter>
    </ClCompile>
    <ClCompile Include="Drivers\AdLib.c">
      <Filter>Source Files\Drivers</Filter>
    </ClCompile>
    <ClCompile Include="Executables\Batch_Files.c">
      <Filter>Source Files\Executables</Filter>
    </ClCompile>
    <ClCompile Include="printf.c">
      <Filter>Source Files</Filter>
    </ClCompile>
    <ClCompile Include="Drivers\Virtio_Net.c">
      <Filter>Source Files\Drivers</Filter>
    </ClCompile>
    <ClCompile Include="Drivers\e1000.c">
      <Filter>Source Files\Drivers</Filter>
    </ClCompile>
    <ClCompile Include="Drivers\PS2_Mouse.c">
      <Filter>Source Files\Drivers</Filter>
    </ClCompile>
    <ClCompile Include="Drivers\Virtio_GPU.c">
      <Filter>Source Files\Drivers</Filter>
    </ClCompile>
    <ClCompile Include="Drivers\VirtIO.c">
      <Filter>Source Files\Drivers</Filter>
    </ClCompile>
    <ClCompile Include="Graphics\Cursor.c">
      <Filter>Source Files\Graphics</Filter>
    </ClCompile>
    <ClCompile Include="myos_io.c">
      <Filter>Source Files</Filter>
    </ClCompile>
    <ClCompile Include="Tasks\Dispatcher.c">
      <Filter>Source Files\Tasks</Filter>
    </ClCompile>
    <ClCompile Include="GUI_Kernel.c">
      <Filter>Source Files\GUI</Filter>
    </ClCompile>
    <ClCompile Include="Drivers\IDE.c">
      <Filter>Source Files\Drivers</Filter>
    </ClCompile>
  </ItemGroup>
  <ItemGroup>
    <ClInclude Include="misc.h">
      <Filter>Header Files</Filter>
    </ClInclude>
    <ClInclude Include="Console_Serial.h">
      <Filter>Header Files</Filter>
    </ClInclude>
    <ClInclude Include="Console_VGA.h">
      <Filter>Header Files</Filter>
    </ClInclude>
    <ClInclude Include="System_Specific.h">
      <Filter>Header Files</Filter>
    </ClInclude>
    <ClInclude Include="paging.h">
      <Filter>Header Files</Filter>
    </ClInclude>
    <ClInclude Include="multiboot.h">
      <Filter>Header Files</Filter>
    </ClInclude>
    <ClInclude Include="GDT.h">
      <Filter>Header Files</Filter>
    </ClInclude>
    <ClInclude Include="Console_Shell.h">
      <Filter>Header Files</Filter>
    </ClInclude>
    <ClInclude Include="Build_Number.h">
      <Filter>Header Files</Filter>
    </ClInclude>
    <ClInclude Include="Interrupts\IDT.h">
      <Filter>Header Files\Interrupts</Filter>
    </ClInclude>
    <ClInclude Include="Interrupts\Interrupts.h">
      <Filter>Header Files\Interrupts</Filter>
    </ClInclude>
    <ClInclude Include="Interrupts\PIC.h">
      <Filter>Header Files\Interrupts</Filter>
    </ClInclude>
    <ClInclude Include="Drivers\Keyboard.h">
      <Filter>Header Files\Drivers</Filter>
    </ClInclude>
    <ClInclude Include="Drivers\PCI_Bus.h">
      <Filter>Header Files\Drivers</Filter>
    </ClInclude>
    <ClInclude Include="Drivers\RTL_8139.h">
      <Filter>Header Files\Drivers</Filter>
    </ClInclude>
    <ClInclude Include="Networking\ARP.h">
      <Filter>Header Files\Networking</Filter>
    </ClInclude>
    <ClInclude Include="Networking\DHCP.h">
      <Filter>Header Files\Networking</Filter>
    </ClInclude>
    <ClInclude Include="Networking\Ethernet.h">
      <Filter>Header Files\Networking</Filter>
    </ClInclude>
    <ClInclude Include="Networking\IPv4.h">
      <Filter>Header Files\Networking</Filter>
    </ClInclude>
    <ClInclude Include="Networking\TFTP.h">
      <Filter>Header Files\Networking</Filter>
    </ClInclude>
    <ClInclude Include="Networking\UDP.h">
      <Filter>Header Files\Networking</Filter>
    </ClInclude>
    <ClInclude Include="Executables\PE32.h">
      <Filter>Header Files\Executables</Filter>
    </ClInclude>
    <ClInclude Include="Drivers\Bochs_VGA.h">
      <Filter>Header Files\Drivers</Filter>
    </ClInclude>
    <ClInclude Include="Graphics\Display_HAL.h">
      <Filter>Header Files\Graphics</Filter>
    </ClInclude>
    <ClInclude Include="Graphics\picofont.h">
      <Filter>Header Files\Graphics</Filter>
    </ClInclude>
    <ClInclude Include="Graphics\Graphical_Terminal.h">
      <Filter>Header Files\Graphics</Filter>
    </ClInclude>
    <ClInclude Include="Terminal.h">
      <Filter>Header Files</Filter>
    </ClInclude>
    <ClInclude Include="Graphics\Bitmap.h">
      <Filter>Header Files\Graphics</Filter>
    </ClInclude>
    <ClInclude Include="Interrupts\System_Calls.h">
      <Filter>Header Files\Interrupts</Filter>
    </ClInclude>
    <ClInclude Include="Timers\PIT.h">
      <Filter>Header Files\Timers</Filter>
    </ClInclude>
    <ClInclude Include="Timers\System_Clock.h">
      <Filter>Header Files\Timers</Filter>
    </ClInclude>
    <ClInclude Include="Drivers\Sound_Blaster_16.h">
      <Filter>Header Files\Drivers</Filter>
    </ClInclude>
    <ClInclude Include="File Formats\VOC.h">
      <Filter>Header Files\File Formats</Filter>
    </ClInclude>
    <ClInclude Include="Drivers\ISA_DMA.h">
      <Filter>Header Files\Drivers</Filter>
    </ClInclude>
    <ClInclude Include="Drivers\AdLib.h">
      <Filter>Header Files\Drivers</Filter>
    </ClInclude>
    <ClInclude Include="Executables\Batch_Files.h">
      <Filter>Header Files\Executables</Filter>
    </ClInclude>
    <ClInclude Include="printf.h">
      <Filter>Header Files</Filter>
    </ClInclude>
    <ClInclude Include="Drivers\Virtio_Net.h">
      <Filter>Header Files\Drivers</Filter>
    </ClInclude>
    <ClInclude Include="Drivers\e1000.h">
      <Filter>Header Files\Drivers</Filter>
    </ClInclude>
    <ClInclude Include="Drivers\PS2_Mouse.h">
      <Filter>Header Files\Drivers</Filter>
    </ClInclude>
    <ClInclude Include="Drivers\Virtio_GPU.h">
      <Filter>Header Files\Drivers</Filter>
    </ClInclude>
    <ClInclude Include="Drivers\Virtio.h">
      <Filter>Header Files\Drivers</Filter>
    </ClInclude>
    <ClInclude Include="Graphics\Cursor.h">
      <Filter>Header Files\Graphics</Filter>
    </ClInclude>
    <ClInclude Include="myos_io.h">
      <Filter>Header Files</Filter>
    </ClInclude>
    <ClInclude Include="Tasks\Context.h">
      <Filter>Header Files\Tasks</Filter>
    </ClInclude>
    <ClInclude Include="Drivers\mouse.h">
      <Filter>Source Files\Drivers</Filter>
    </ClInclude>
    <ClInclude Include="GUI_Kernel.h">
      <Filter>Header Files\GUI</Filter>
    </ClInclude>
    <ClInclude Include="GUI_Messages.h">
      <Filter>Header Files\GUI</Filter>
    </ClInclude>
    <ClInclude Include="Drivers\IDE.h">
      <Filter>Header Files\Drivers</Filter>
    </ClInclude>
  </ItemGroup>
  <ItemGroup>
    <Text Include="Referenced_Reading.txt">
      <Filter>Resource Files</Filter>
    </Text>
  </ItemGroup>
</Project>